
Microsoft Visual Studio Solution File, Format Version 12.00
# Visual Studio Version 17
VisualStudioVersion = 17.4.33205.214
MinimumVisualStudioVersion = 10.0.40219.1
Project("{9A19103F-16F7-4668-BE54-9A1E7A4F7556}") = "OcelotGateway", "OcelotGateway.csproj", "{0BA20D64-F71B-48FE-AC23-078C4C6888C5}"
EndProject
Project("{9A19103F-16F7-4668-BE54-9A1E7A4F7556}") = "ProductAPI", "..\ProductAPI\ProductAPI.csproj", "{FC4A0923-A1B4-4595-A70B-98588066B2C3}"
EndProject
Project("{9A19103F-16F7-4668-BE54-9A1E7A4F7556}") = "UserAPI", "..\UserAPI\UserAPI.csproj", "{8CB6808F-0E6A-44BE-A901-D54944B78419}"
EndProject
Global
	GlobalSection(SolutionConfigurationPlatforms) = preSolution
		Debug|Any CPU = Debug|Any CPU
		Release|Any CPU = Release|Any CPU
	EndGlobalSection
	GlobalSection(ProjectConfigurationPlatforms) = postSolution
		{0BA20D64-F71B-48FE-AC23-078C4C6888C5}.Debug|Any CPU.ActiveCfg = Debug|Any CPU
		{0BA20D64-F71B-48FE-AC23-078C4C6888C5}.Debug|Any CPU.Build.0 = Debug|Any CPU
		{0BA20D64-F71B-48FE-AC23-078C4C6888C5}.Release|Any CPU.ActiveCfg = Release|Any CPU
		{0BA20D64-F71B-48FE-AC23-078C4C6888C5}.Release|Any CPU.Build.0 = Release|Any CPU
		{FC4A0923-A1B4-4595-A70B-98588066B2C3}.Debug|Any CPU.ActiveCfg = Debug|Any CPU
		{FC4A0923-A1B4-4595-A70B-98588066B2C3}.Debug|Any CPU.Build.0 = Debug|Any CPU
		{FC4A0923-A1B4-4595-A70B-98588066B2C3}.Release|Any CPU.ActiveCfg = Release|Any CPU
		{FC4A0923-A1B4-4595-A70B-98588066B2C3}.Release|Any CPU.Build.0 = Release|Any CPU
		{8CB6808F-0E6A-44BE-A901-D54944B78419}.Debug|Any CPU.ActiveCfg = Debug|Any CPU
		{8CB6808F-0E6A-44BE-A901-D54944B78419}.Debug|Any CPU.Build.0 = Debug|Any CPU
		{8CB6808F-0E6A-44BE-A901-D54944B78419}.Release|Any CPU.ActiveCfg = Release|Any CPU
		{8CB6808F-0E6A-44BE-A901-D54944B78419}.Release|Any CPU.Build.0 = Release|Any CPU
	EndGlobalSection
	GlobalSection(SolutionProperties) = preSolution
		HideSolutionNode = FALSE
	EndGlobalSection
	GlobalSection(ExtensibilityGlobals) = postSolution
		SolutionGuid = {8E36FBF4-884E-4013-BC79-707E5076A271}
	EndGlobalSection
EndGlobal
